{
  "nodes": {
    "ema": {
      "flake": false,
      "locked": {
        "lastModified": 1656881105,
        "narHash": "sha256-YQk93ISQaoM/eQwI58F2uiPcxwwT7A3tP/x5eGp6/vY=",
        "owner": "srid",
        "repo": "ema",
        "rev": "70885569b20ed8b324feea93e175bdd9cf523df9",
        "type": "github"
      },
      "original": {
        "owner": "srid",
        "ref": "multisite",
        "repo": "ema",
        "type": "github"
      }
    },
    "flake-parts": {
      "inputs": {
        "nixpkgs": [
          "nixpkgs"
        ]
      },
      "locked": {
        "lastModified": 1655983956,
        "narHash": "sha256-2h986XafeFMRuIVy3CjfVgzz0cqYbaxfXzcqeCCGqEU=",
        "owner": "hercules-ci",
        "repo": "flake-parts",
        "rev": "9b0000f75f6a53c0814264e27ca32f4bddeb15cc",
        "type": "github"
      },
      "original": {
        "owner": "hercules-ci",
        "repo": "flake-parts",
        "type": "github"
      }
    },
    "flake-utils": {
      "locked": {
        "lastModified": 1652776076,
        "narHash": "sha256-gzTw/v1vj4dOVbpBSJX4J0DwUR6LIyXo7/SuuTJp1kM=",
        "owner": "numtide",
        "repo": "flake-utils",
        "rev": "04c1b180862888302ddfb2e3ad9eaa63afc60cf8",
        "type": "github"
      },
      "original": {
        "owner": "numtide",
        "ref": "v1.0.0",
        "repo": "flake-utils",
        "type": "github"
      }
    },
    "haskell-flake": {
      "locked": {
        "lastModified": 1654001497,
        "narHash": "sha256-GfrpyoQrVT9Z/j9its8BQs3I5O5X5Lc2IkK922bz7zg=",
        "owner": "srid",
        "repo": "haskell-flake",
        "rev": "4c0b0ff295f0b97238a600d2381c37ee46b67f9c",
        "type": "github"
      },
      "original": {
        "owner": "srid",
        "repo": "haskell-flake",
        "type": "github"
      }
    },
    "nixpkgs": {
      "locked": {
        "lastModified": 1656401090,
        "narHash": "sha256-bUS2nfQsvTQW2z8SK7oEFSElbmoBahOPtbXPm0AL3I4=",
        "owner": "nixos",
        "repo": "nixpkgs",
        "rev": "16de63fcc54e88b9a106a603038dd5dd2feb21eb",
        "type": "github"
      },
      "original": {
        "owner": "nixos",
        "ref": "nixpkgs-unstable",
        "repo": "nixpkgs",
        "type": "github"
      }
    },
    "root": {
      "inputs": {
        "ema": "ema",
        "flake-parts": "flake-parts",
        "haskell-flake": "haskell-flake",
        "nixpkgs": "nixpkgs",
        "tailwind-haskell": "tailwind-haskell"
      }
    },
    "tailwind-haskell": {
      "inputs": {
        "flake-utils": "flake-utils",
        "nixpkgs": [
          "nixpkgs"
        ]
      },
      "locked": {
        "lastModified": 1654211622,
        "narHash": "sha256-N5Xa/JhF9PRgmt+ZVZFaHT7onezENxp7ktnGhhqOBaw=",
        "owner": "srid",
        "repo": "tailwind-haskell",
        "rev": "8d08cda7a1cb67435de1ba1739f65e25b303364f",
        "type": "github"
      },
      "original": {
        "owner": "srid",
        "ref": "master",
        "repo": "tailwind-haskell",
        "type": "github"
      }
    }
  },
  "root": "root",
  "version": 7
}
